
Microsoft Visual Studio Solution File, Format Version 12.00
# Visual Studio Version 17
VisualStudioVersion = 17.8.34309.116
MinimumVisualStudioVersion = 10.0.40219.1
Project("{9A19103F-16F7-4668-BE54-9A1E7A4F7556}") = "SecureApp", "SecureApp\SecureApp.csproj", "{D8B56710-01BE-4D04-A72E-0AEE7F46A1A4}"
EndProject
Project("{9A19103F-16F7-4668-BE54-9A1E7A4F7556}") = "Conexion", "Conexion\Conexion.csproj", "{7C2DD73F-3949-4A54-8427-9E9565C4A589}"
EndProject
Project("{9A19103F-16F7-4668-BE54-9A1E7A4F7556}") = "Negocio", "Negocio\Negocio.csproj", "{27F6BA50-73C8-4FC1-B3BA-DC8CBE8192B6}"
EndProject
Global
	GlobalSection(SolutionConfigurationPlatforms) = preSolution
		Debug|Any CPU = Debug|Any CPU
		Release|Any CPU = Release|Any CPU
	EndGlobalSection
	GlobalSection(ProjectConfigurationPlatforms) = postSolution
		{D8B56710-01BE-4D04-A72E-0AEE7F46A1A4}.Debug|Any CPU.ActiveCfg = Debug|Any CPU
		{D8B56710-01BE-4D04-A72E-0AEE7F46A1A4}.Debug|Any CPU.Build.0 = Debug|Any CPU
		{D8B56710-01BE-4D04-A72E-0AEE7F46A1A4}.Release|Any CPU.ActiveCfg = Release|Any CPU
		{D8B56710-01BE-4D04-A72E-0AEE7F46A1A4}.Release|Any CPU.Build.0 = Release|Any CPU
		{7C2DD73F-3949-4A54-8427-9E9565C4A589}.Debug|Any CPU.ActiveCfg = Debug|Any CPU
		{7C2DD73F-3949-4A54-8427-9E9565C4A589}.Debug|Any CPU.Build.0 = Debug|Any CPU
		{7C2DD73F-3949-4A54-8427-9E9565C4A589}.Release|Any CPU.ActiveCfg = Release|Any CPU
		{7C2DD73F-3949-4A54-8427-9E9565C4A589}.Release|Any CPU.Build.0 = Release|Any CPU
		{27F6BA50-73C8-4FC1-B3BA-DC8CBE8192B6}.Debug|Any CPU.ActiveCfg = Debug|Any CPU
		{27F6BA50-73C8-4FC1-B3BA-DC8CBE8192B6}.Debug|Any CPU.Build.0 = Debug|Any CPU
		{27F6BA50-73C8-4FC1-B3BA-DC8CBE8192B6}.Release|Any CPU.ActiveCfg = Release|Any CPU
		{27F6BA50-73C8-4FC1-B3BA-DC8CBE8192B6}.Release|Any CPU.Build.0 = Release|Any CPU
	EndGlobalSection
	GlobalSection(SolutionProperties) = preSolution
		HideSolutionNode = FALSE
	EndGlobalSection
	GlobalSection(ExtensibilityGlobals) = postSolution
		SolutionGuid = {955013E2-0641-4000-823C-E81B0B9E48F1}
	EndGlobalSection
EndGlobal
